
Microsoft Visual Studio Solution File, Format Version 12.00
# Visual Studio Version 17
VisualStudioVersion = 17.4.33205.214
MinimumVisualStudioVersion = 10.0.40219.1
Project("{9A19103F-16F7-4668-BE54-9A1E7A4F7556}") = "Fireflies.GraphQL.Core", "Fireflies.GraphQL.Core\Fireflies.GraphQL.Core.csproj", "{C3F71681-7D56-4D72-8AC9-30FAFB20D941}"
EndProject
Project("{9A19103F-16F7-4668-BE54-9A1E7A4F7556}") = "Fireflies.GraphQL.AspNet", "Fireflies.GraphQL.AspNet\Fireflies.GraphQL.AspNet.csproj", "{1697E919-7746-498B-926B-0FFB7F3E43A3}"
EndProject
Project("{9A19103F-16F7-4668-BE54-9A1E7A4F7556}") = "Fireflies.GraphQL.Abstractions", "Fireflies.GraphQL.Abstractions\Fireflies.GraphQL.Abstractions.csproj", "{4ABEBE31-63C7-4591-93A5-A2FD846EF0E8}"
EndProject
Project("{2150E333-8FDC-42A3-9474-1A3956D46DE8}") = "Demos", "Demos", "{CE12D8F7-B1DA-47EC-81FA-A159AD1BFB4F}"
EndProject
Project("{9A19103F-16F7-4668-BE54-9A1E7A4F7556}") = "Fireflies.GraphQL.Demos.Server.Books", "Demos\Server\Fireflies.GraphQL.Demos.Server.Books\Fireflies.GraphQL.Demos.Server.Books.csproj", "{1A23CDB9-8C0C-42A6-9ED5-2BAF574E0543}"
EndProject
Project("{9A19103F-16F7-4668-BE54-9A1E7A4F7556}") = "Fireflies.GraphQL.Demos.Server.Authors", "Demos\Server\Fireflies.GraphQL.Demos.Server.Authors\Fireflies.GraphQL.Demos.Server.Authors.csproj", "{077D9D1D-3719-4205-88B4-5AA9119CBDFF}"
EndProject
Project("{9A19103F-16F7-4668-BE54-9A1E7A4F7556}") = "LoadTest", "LoadTest\LoadTest.csproj", "{007819FB-8017-4C78-BA59-183292F3EC05}"
EndProject
Project("{2150E333-8FDC-42A3-9474-1A3956D46DE8}") = "Extensions", "Extensions", "{673420A0-CB78-4AFD-8F9E-98454154445D}"
EndProject
Project("{9A19103F-16F7-4668-BE54-9A1E7A4F7556}") = "Fireflies.GraphQL.Extensions.EntityFrameworkCore", "Extensions\Fireflies.GraphQL.Extensions.EntityFrameworkCore\Fireflies.GraphQL.Extensions.EntityFrameworkCore.csproj", "{7DE92B98-3BA7-47F8-B057-D53B0B8DA784}"
EndProject
Project("{2150E333-8FDC-42A3-9474-1A3956D46DE8}") = "Shared", "Shared", "{47835DCC-C9DF-48CE-BCE8-EAA5FFD95A8C}"
EndProject
Project("{9A19103F-16F7-4668-BE54-9A1E7A4F7556}") = "Fireflies.IoC.Abstractions", "Fireflies.Shared\IoC\Fireflies.IoC.Abstractions\Fireflies.IoC.Abstractions.csproj", "{36915A86-CA69-4D17-AA79-F74B9928B3C1}"
EndProject
Project("{9A19103F-16F7-4668-BE54-9A1E7A4F7556}") = "Fireflies.IoC.Autofac", "Fireflies.Shared\IoC\Fireflies.IoC.Autofac\Fireflies.IoC.Autofac.csproj", "{304EE040-E30A-436E-B4C4-B56144ED6C57}"
EndProject
Project("{9A19103F-16F7-4668-BE54-9A1E7A4F7556}") = "Fireflies.IoC.TinyIoC", "Fireflies.Shared\IoC\Fireflies.IoC.TinyIoC\Fireflies.IoC.TinyIoC.csproj", "{E70A5F24-43A3-4757-A3AE-3826F110BAB6}"
EndProject
Project("{9A19103F-16F7-4668-BE54-9A1E7A4F7556}") = "Fireflies.Utility.Reflection", "Fireflies.Shared\Utilitiy\Fireflies.Utility.Reflection\Fireflies.Utility.Reflection.csproj", "{0A8EDED7-712C-4272-8620-6A4728474C33}"
EndProject
Project("{9A19103F-16F7-4668-BE54-9A1E7A4F7556}") = "Fireflies.GraphQL.Demos.Client.Demo", "Demos\Client\Fireflies.GraphQL.Demos.Client.Demo\Fireflies.GraphQL.Demos.Client.Demo.csproj", "{E16A8E33-9D7C-40D5-84B4-94025DEB0E29}"
EndProject
Project("{2150E333-8FDC-42A3-9474-1A3956D46DE8}") = "Client", "Client", "{C24CF810-EA02-4B99-B676-E7A832165264}"
EndProject
Project("{9A19103F-16F7-4668-BE54-9A1E7A4F7556}") = "Fireflies.GraphQL.Client.Console", "Client\Fireflies.GraphQL.Client.Console\Fireflies.GraphQL.Client.Console.csproj", "{5772ED41-DBF8-4A04-8C46-931C1060EE60}"
EndProject
Project("{9A19103F-16F7-4668-BE54-9A1E7A4F7556}") = "Fireflies.GraphQL.Client.Generator", "Client\Fireflies.GraphQL.Client.Generator\Fireflies.GraphQL.Client.Generator.csproj", "{6B182C7C-4E2E-417E-9A59-1FC2FAC79E87}"
EndProject
Project("{FAE04EC0-301F-11D3-BF4B-00C04F79EFBC}") = "Fireflies.GraphQL.Demos.Server.Api", "Demos\Server\Fireflies.GraphQL.Demos.Server.Api\Fireflies.GraphQL.Demos.Server.Api.csproj", "{AF7D3E34-B3F7-4DB3-83AD-D9C806F2F0DF}"
EndProject
Project("{2150E333-8FDC-42A3-9474-1A3956D46DE8}") = "Server", "Server", "{1C9F9E4B-F35D-4D13-BD77-7E748B0D19D9}"
EndProject
Project("{2150E333-8FDC-42A3-9474-1A3956D46DE8}") = "Client", "Client", "{4D2A9790-85A6-4BA0-889D-4C6E8C339692}"
EndProject
Global
	GlobalSection(SolutionConfigurationPlatforms) = preSolution
		Debug|Any CPU = Debug|Any CPU
		Release|Any CPU = Release|Any CPU
	EndGlobalSection
	GlobalSection(ProjectConfigurationPlatforms) = postSolution
		{C3F71681-7D56-4D72-8AC9-30FAFB20D941}.Debug|Any CPU.ActiveCfg = Debug|Any CPU
		{C3F71681-7D56-4D72-8AC9-30FAFB20D941}.Debug|Any CPU.Build.0 = Debug|Any CPU
		{C3F71681-7D56-4D72-8AC9-30FAFB20D941}.Release|Any CPU.ActiveCfg = Release|Any CPU
		{C3F71681-7D56-4D72-8AC9-30FAFB20D941}.Release|Any CPU.Build.0 = Release|Any CPU
		{1697E919-7746-498B-926B-0FFB7F3E43A3}.Debug|Any CPU.ActiveCfg = Debug|Any CPU
		{1697E919-7746-498B-926B-0FFB7F3E43A3}.Debug|Any CPU.Build.0 = Debug|Any CPU
		{1697E919-7746-498B-926B-0FFB7F3E43A3}.Release|Any CPU.ActiveCfg = Release|Any CPU
		{1697E919-7746-498B-926B-0FFB7F3E43A3}.Release|Any CPU.Build.0 = Release|Any CPU
		{4ABEBE31-63C7-4591-93A5-A2FD846EF0E8}.Debug|Any CPU.ActiveCfg = Debug|Any CPU
		{4ABEBE31-63C7-4591-93A5-A2FD846EF0E8}.Debug|Any CPU.Build.0 = Debug|Any CPU
		{4ABEBE31-63C7-4591-93A5-A2FD846EF0E8}.Release|Any CPU.ActiveCfg = Release|Any CPU
		{4ABEBE31-63C7-4591-93A5-A2FD846EF0E8}.Release|Any CPU.Build.0 = Release|Any CPU
		{1A23CDB9-8C0C-42A6-9ED5-2BAF574E0543}.Debug|Any CPU.ActiveCfg = Debug|Any CPU
		{1A23CDB9-8C0C-42A6-9ED5-2BAF574E0543}.Debug|Any CPU.Build.0 = Debug|Any CPU
		{1A23CDB9-8C0C-42A6-9ED5-2BAF574E0543}.Release|Any CPU.ActiveCfg = Release|Any CPU
		{1A23CDB9-8C0C-42A6-9ED5-2BAF574E0543}.Release|Any CPU.Build.0 = Release|Any CPU
		{077D9D1D-3719-4205-88B4-5AA9119CBDFF}.Debug|Any CPU.ActiveCfg = Debug|Any CPU
		{077D9D1D-3719-4205-88B4-5AA9119CBDFF}.Debug|Any CPU.Build.0 = Debug|Any CPU
		{077D9D1D-3719-4205-88B4-5AA9119CBDFF}.Release|Any CPU.ActiveCfg = Release|Any CPU
		{077D9D1D-3719-4205-88B4-5AA9119CBDFF}.Release|Any CPU.Build.0 = Release|Any CPU
		{007819FB-8017-4C78-BA59-183292F3EC05}.Debug|Any CPU.ActiveCfg = Debug|Any CPU
		{007819FB-8017-4C78-BA59-183292F3EC05}.Debug|Any CPU.Build.0 = Debug|Any CPU
		{007819FB-8017-4C78-BA59-183292F3EC05}.Release|Any CPU.ActiveCfg = Release|Any CPU
		{007819FB-8017-4C78-BA59-183292F3EC05}.Release|Any CPU.Build.0 = Release|Any CPU
		{7DE92B98-3BA7-47F8-B057-D53B0B8DA784}.Debug|Any CPU.ActiveCfg = Debug|Any CPU
		{7DE92B98-3BA7-47F8-B057-D53B0B8DA784}.Debug|Any CPU.Build.0 = Debug|Any CPU
		{7DE92B98-3BA7-47F8-B057-D53B0B8DA784}.Release|Any CPU.ActiveCfg = Release|Any CPU
		{7DE92B98-3BA7-47F8-B057-D53B0B8DA784}.Release|Any CPU.Build.0 = Release|Any CPU
		{36915A86-CA69-4D17-AA79-F74B9928B3C1}.Debug|Any CPU.ActiveCfg = Debug|Any CPU
		{36915A86-CA69-4D17-AA79-F74B9928B3C1}.Debug|Any CPU.Build.0 = Debug|Any CPU
		{36915A86-CA69-4D17-AA79-F74B9928B3C1}.Release|Any CPU.ActiveCfg = Release|Any CPU
		{36915A86-CA69-4D17-AA79-F74B9928B3C1}.Release|Any CPU.Build.0 = Release|Any CPU
		{304EE040-E30A-436E-B4C4-B56144ED6C57}.Debug|Any CPU.ActiveCfg = Debug|Any CPU
		{304EE040-E30A-436E-B4C4-B56144ED6C57}.Debug|Any CPU.Build.0 = Debug|Any CPU
		{304EE040-E30A-436E-B4C4-B56144ED6C57}.Release|Any CPU.ActiveCfg = Release|Any CPU
		{304EE040-E30A-436E-B4C4-B56144ED6C57}.Release|Any CPU.Build.0 = Release|Any CPU
		{E70A5F24-43A3-4757-A3AE-3826F110BAB6}.Debug|Any CPU.ActiveCfg = Debug|Any CPU
		{E70A5F24-43A3-4757-A3AE-3826F110BAB6}.Debug|Any CPU.Build.0 = Debug|Any CPU
		{E70A5F24-43A3-4757-A3AE-3826F110BAB6}.Release|Any CPU.ActiveCfg = Release|Any CPU
		{E70A5F24-43A3-4757-A3AE-3826F110BAB6}.Release|Any CPU.Build.0 = Release|Any CPU
		{0A8EDED7-712C-4272-8620-6A4728474C33}.Debug|Any CPU.ActiveCfg = Debug|Any CPU
		{0A8EDED7-712C-4272-8620-6A4728474C33}.Debug|Any CPU.Build.0 = Debug|Any CPU
		{0A8EDED7-712C-4272-8620-6A4728474C33}.Release|Any CPU.ActiveCfg = Release|Any CPU
		{0A8EDED7-712C-4272-8620-6A4728474C33}.Release|Any CPU.Build.0 = Release|Any CPU
		{E16A8E33-9D7C-40D5-84B4-94025DEB0E29}.Debug|Any CPU.ActiveCfg = Debug|Any CPU
		{E16A8E33-9D7C-40D5-84B4-94025DEB0E29}.Debug|Any CPU.Build.0 = Debug|Any CPU
		{E16A8E33-9D7C-40D5-84B4-94025DEB0E29}.Release|Any CPU.ActiveCfg = Release|Any CPU
		{E16A8E33-9D7C-40D5-84B4-94025DEB0E29}.Release|Any CPU.Build.0 = Release|Any CPU
		{5772ED41-DBF8-4A04-8C46-931C1060EE60}.Debug|Any CPU.ActiveCfg = Debug|Any CPU
		{5772ED41-DBF8-4A04-8C46-931C1060EE60}.Debug|Any CPU.Build.0 = Debug|Any CPU
		{5772ED41-DBF8-4A04-8C46-931C1060EE60}.Release|Any CPU.ActiveCfg = Release|Any CPU
		{5772ED41-DBF8-4A04-8C46-931C1060EE60}.Release|Any CPU.Build.0 = Release|Any CPU
		{6B182C7C-4E2E-417E-9A59-1FC2FAC79E87}.Debug|Any CPU.ActiveCfg = Debug|Any CPU
		{6B182C7C-4E2E-417E-9A59-1FC2FAC79E87}.Debug|Any CPU.Build.0 = Debug|Any CPU
		{6B182C7C-4E2E-417E-9A59-1FC2FAC79E87}.Release|Any CPU.ActiveCfg = Release|Any CPU
		{6B182C7C-4E2E-417E-9A59-1FC2FAC79E87}.Release|Any CPU.Build.0 = Release|Any CPU
		{AF7D3E34-B3F7-4DB3-83AD-D9C806F2F0DF}.Debug|Any CPU.ActiveCfg = Debug|Any CPU
		{AF7D3E34-B3F7-4DB3-83AD-D9C806F2F0DF}.Debug|Any CPU.Build.0 = Debug|Any CPU
		{AF7D3E34-B3F7-4DB3-83AD-D9C806F2F0DF}.Release|Any CPU.ActiveCfg = Release|Any CPU
		{AF7D3E34-B3F7-4DB3-83AD-D9C806F2F0DF}.Release|Any CPU.Build.0 = Release|Any CPU
	EndGlobalSection
	GlobalSection(SolutionProperties) = preSolution
		HideSolutionNode = FALSE
	EndGlobalSection
	GlobalSection(NestedProjects) = preSolution
		{1A23CDB9-8C0C-42A6-9ED5-2BAF574E0543} = {1C9F9E4B-F35D-4D13-BD77-7E748B0D19D9}
		{077D9D1D-3719-4205-88B4-5AA9119CBDFF} = {1C9F9E4B-F35D-4D13-BD77-7E748B0D19D9}
		{007819FB-8017-4C78-BA59-183292F3EC05} = {CE12D8F7-B1DA-47EC-81FA-A159AD1BFB4F}
		{7DE92B98-3BA7-47F8-B057-D53B0B8DA784} = {673420A0-CB78-4AFD-8F9E-98454154445D}
		{36915A86-CA69-4D17-AA79-F74B9928B3C1} = {47835DCC-C9DF-48CE-BCE8-EAA5FFD95A8C}
		{304EE040-E30A-436E-B4C4-B56144ED6C57} = {47835DCC-C9DF-48CE-BCE8-EAA5FFD95A8C}
		{E70A5F24-43A3-4757-A3AE-3826F110BAB6} = {47835DCC-C9DF-48CE-BCE8-EAA5FFD95A8C}
		{0A8EDED7-712C-4272-8620-6A4728474C33} = {47835DCC-C9DF-48CE-BCE8-EAA5FFD95A8C}
		{E16A8E33-9D7C-40D5-84B4-94025DEB0E29} = {4D2A9790-85A6-4BA0-889D-4C6E8C339692}
		{5772ED41-DBF8-4A04-8C46-931C1060EE60} = {C24CF810-EA02-4B99-B676-E7A832165264}
		{6B182C7C-4E2E-417E-9A59-1FC2FAC79E87} = {C24CF810-EA02-4B99-B676-E7A832165264}
		{AF7D3E34-B3F7-4DB3-83AD-D9C806F2F0DF} = {1C9F9E4B-F35D-4D13-BD77-7E748B0D19D9}
		{1C9F9E4B-F35D-4D13-BD77-7E748B0D19D9} = {CE12D8F7-B1DA-47EC-81FA-A159AD1BFB4F}
		{4D2A9790-85A6-4BA0-889D-4C6E8C339692} = {CE12D8F7-B1DA-47EC-81FA-A159AD1BFB4F}
	EndGlobalSection
	GlobalSection(ExtensibilityGlobals) = postSolution
		SolutionGuid = {695A8354-BD19-4074-B3CB-A3822CBD24BE}
	EndGlobalSection
EndGlobal
